
Microsoft Visual Studio Solution File, Format Version 12.00
# Visual Studio Version 16
VisualStudioVersion = 16.0.31025.194
MinimumVisualStudioVersion = 10.0.40219.1
Project("{9A19103F-16F7-4668-BE54-9A1E7A4F7556}") = "lessons", "lessons\lessons.csproj", "{264B2A21-C9A6-4BDD-B9A1-D7B1DCF14115}"
EndProject
Project("{FAE04EC0-301F-11D3-BF4B-00C04F79EFBC}") = "Person_Worker", "C:\Users\Admin777\Desktop\SPD  022\SPD  022\Person_Worker.csproj", "{E8E7449A-599D-40CE-B20E-DAD883EE320D}"
EndProject
Project("{FAE04EC0-301F-11D3-BF4B-00C04F79EFBC}") = "Student", "C:\Users\Admin777\Desktop\SPD  022\Student\Student.csproj", "{CFA531DE-2A11-4D55-964C-CD8783D9E276}"
EndProject
Project("{9A19103F-16F7-4668-BE54-9A1E7A4F7556}") = "Shapes", "Shapes\Shapes.csproj", "{BA4A86FB-4230-49C2-9AD4-F229F7CC1BF4}"
EndProject
Project("{9A19103F-16F7-4668-BE54-9A1E7A4F7556}") = "Struct", "Struct\Struct.csproj", "{008A8091-0CA5-4C06-A270-7746C2B2C31E}"
EndProject
Project("{9A19103F-16F7-4668-BE54-9A1E7A4F7556}") = "My_Queue", "My_Queue\My_Queue.csproj", "{F4D88D10-D049-4F36-A249-79C1ADFFF840}"
EndProject
Project("{2150E333-8FDC-42A3-9474-1A3956D46DE8}") = "CW_Inharitance", "CW_Inharitance", "{9C86A8D7-8151-4D82-AC2E-CB842A2DAE73}"
EndProject
Project("{9A19103F-16F7-4668-BE54-9A1E7A4F7556}") = "UseShapes", "UseShapes\UseShapes.csproj", "{3B57DC26-C9D4-4E5B-9B0C-DB013253C509}"
EndProject
Project("{2150E333-8FDC-42A3-9474-1A3956D46DE8}") = "HW_Inharitance", "HW_Inharitance", "{64E5050D-E3C3-4FF9-ADDA-9B7DF5A7BEE2}"
EndProject
Project("{9A19103F-16F7-4668-BE54-9A1E7A4F7556}") = "UseCanvas", "UseCanvas\UseCanvas.csproj", "{51A63B56-E449-4C6B-B1E6-2F294789F2E9}"
EndProject
Project("{9A19103F-16F7-4668-BE54-9A1E7A4F7556}") = "Equals", "Equals\Equals.csproj", "{66F55B2D-1F0E-49A7-9FC3-8B65CA0169A4}"
EndProject
Project("{2150E333-8FDC-42A3-9474-1A3956D46DE8}") = "CW_Delegates", "CW_Delegates", "{B9C6723F-2E0C-4F67-B541-DE8EBD471BC2}"
EndProject
Project("{9A19103F-16F7-4668-BE54-9A1E7A4F7556}") = "GenericDelegate", "GenericDelegate\GenericDelegate.csproj", "{0E9AEBA2-CB8C-4E53-87BA-762E5A15BFB6}"
EndProject
Project("{9A19103F-16F7-4668-BE54-9A1E7A4F7556}") = "SdandartDelegate", "SdandartDelegate\SdandartDelegate.csproj", "{CFD95E20-48EF-4560-9AE9-6291679BA390}"
EndProject
Project("{2150E333-8FDC-42A3-9474-1A3956D46DE8}") = "HW_Interfaces", "HW_Interfaces", "{3435C2F0-8EC8-45BA-A43B-8C284CA48511}"
EndProject
Project("{9A19103F-16F7-4668-BE54-9A1E7A4F7556}") = "Interfaces", "Interfaces\Interfaces.csproj", "{A80E7F2E-178D-4BA6-88DC-AF53510A0239}"
EndProject
Project("{2150E333-8FDC-42A3-9474-1A3956D46DE8}") = "HW_Exceptions", "HW_Exceptions", "{06E7C81E-5209-4BCD-BF13-C3D81826A67D}"
EndProject
Project("{9A19103F-16F7-4668-BE54-9A1E7A4F7556}") = "Exceptions", "Exceptions\Exceptions.csproj", "{533A4A30-E36B-43B8-8694-463888BF9F79}"
EndProject
Project("{2150E333-8FDC-42A3-9474-1A3956D46DE8}") = "CW_Generics", "CW_Generics", "{D570FC07-6129-45E5-90AF-966D4D31468B}"
EndProject
Project("{2150E333-8FDC-42A3-9474-1A3956D46DE8}") = "Class_work", "Class_work", "{D937CFD0-34F6-40BC-AC24-95378A5DDBB4}"
EndProject
Project("{2150E333-8FDC-42A3-9474-1A3956D46DE8}") = "Home_work", "Home_work", "{B23163D1-1853-4A5D-BE6A-9CB8E4983FD9}"
EndProject
Project("{2150E333-8FDC-42A3-9474-1A3956D46DE8}") = "HW_Generics", "HW_Generics", "{06B02C36-9505-491F-8A62-7FED9C59D5A7}"
EndProject
Project("{9A19103F-16F7-4668-BE54-9A1E7A4F7556}") = "Generics", "Generics\Generics.csproj", "{820D90B7-66E2-45C8-BA98-C92BAD44105A}"
EndProject
Project("{2150E333-8FDC-42A3-9474-1A3956D46DE8}") = "HW_Collections", "HW_Collections", "{C7D44071-ECD5-45F3-B245-2229FAAB93B3}"
EndProject
Project("{9A19103F-16F7-4668-BE54-9A1E7A4F7556}") = "Collections", "Collections\Collections.csproj", "{C7549FAA-0E9F-4A31-AA3E-1E76409E6BE6}"
EndProject
Project("{2150E333-8FDC-42A3-9474-1A3956D46DE8}") = "HW_Dispose pattern_+_EventHandler", "HW_Dispose pattern_+_EventHandler", "{487123FE-3ABE-417E-840D-12381175C61B}"
EndProject
Project("{9A19103F-16F7-4668-BE54-9A1E7A4F7556}") = "DisposePattern", "DisposePattern\DisposePattern.csproj", "{E3463433-98DA-4166-8F2F-E2CD0449E5EA}"
EndProject
Project("{2150E333-8FDC-42A3-9474-1A3956D46DE8}") = "HW_Delegates", "HW_Delegates", "{F88E4BBB-9CFA-4FB6-A4D1-1F88FD0BE3A3}"
EndProject
Project("{9A19103F-16F7-4668-BE54-9A1E7A4F7556}") = "Delegates", "Delegates\Delegates.csproj", "{115B85AC-E89F-4B90-BD4B-A54E800E4661}"
EndProject
Project("{2150E333-8FDC-42A3-9474-1A3956D46DE8}") = "HW_Events", "HW_Events", "{5EE1F079-5959-4AB3-AF36-204D09979656}"
EndProject
Project("{9A19103F-16F7-4668-BE54-9A1E7A4F7556}") = "Events", "Events\Events.csproj", "{BB804374-8485-4A0D-99BA-8F1332C81EFF}"
EndProject
Project("{2150E333-8FDC-42A3-9474-1A3956D46DE8}") = "Dir_+_file", "Dir_+_file", "{ECED8728-AC50-40A9-BF01-54A03790E882}"
EndProject
Project("{9A19103F-16F7-4668-BE54-9A1E7A4F7556}") = "Dir__files", "Dir_+_files\Dir__files.csproj", "{CD2ABE6E-FB8C-4B36-98D9-5D9687227795}"
EndProject
Project("{9A19103F-16F7-4668-BE54-9A1E7A4F7556}") = "EventHandler", "EventHandler\EventHandler.csproj", "{DB5777D7-6337-4989-963A-218922F3331E}"
EndProject
Project("{2150E333-8FDC-42A3-9474-1A3956D46DE8}") = "HW_Filestream", "HW_Filestream", "{2B3C889F-6F02-4E32-978F-8581337419C4}"
EndProject
Project("{9A19103F-16F7-4668-BE54-9A1E7A4F7556}") = "MyFileStream", "FileStream\MyFileStream.csproj", "{805705C5-8198-49C9-BF67-7CE1A653E6FE}"
EndProject
Project("{2150E333-8FDC-42A3-9474-1A3956D46DE8}") = "Redex", "Redex", "{FF006ABE-FC5A-43F1-B095-A473FB31EB16}"
EndProject
Project("{9A19103F-16F7-4668-BE54-9A1E7A4F7556}") = "Rexed", "Rexed\Rexed.csproj", "{E3721200-21D7-4D18-9438-8F235CE72E55}"
EndProject
Project("{2150E333-8FDC-42A3-9474-1A3956D46DE8}") = "Directory", "Directory", "{A23782EE-1AF8-4601-8D93-3A1DF354CEB9}"
EndProject
Project("{9A19103F-16F7-4668-BE54-9A1E7A4F7556}") = "MyDirectory", "MyDirectory\MyDirectory.csproj", "{962913D9-A0D7-403E-B5A5-960225819B75}"
EndProject
Project("{2150E333-8FDC-42A3-9474-1A3956D46DE8}") = "Serialization", "Serialization", "{E389BD01-ADF5-4662-B479-A34E6CB24152}"
EndProject
Project("{FAE04EC0-301F-11D3-BF4B-00C04F79EFBC}") = "Serialization", "Serialization\Serialization.csproj", "{9E0D9993-F9E0-4915-9544-B82B50CD5D79}"
EndProject
Global
	GlobalSection(SolutionConfigurationPlatforms) = preSolution
		Debug|Any CPU = Debug|Any CPU
		Release|Any CPU = Release|Any CPU
	EndGlobalSection
	GlobalSection(ProjectConfigurationPlatforms) = postSolution
		{264B2A21-C9A6-4BDD-B9A1-D7B1DCF14115}.Debug|Any CPU.ActiveCfg = Debug|Any CPU
		{264B2A21-C9A6-4BDD-B9A1-D7B1DCF14115}.Debug|Any CPU.Build.0 = Debug|Any CPU
		{264B2A21-C9A6-4BDD-B9A1-D7B1DCF14115}.Release|Any CPU.ActiveCfg = Release|Any CPU
		{264B2A21-C9A6-4BDD-B9A1-D7B1DCF14115}.Release|Any CPU.Build.0 = Release|Any CPU
		{E8E7449A-599D-40CE-B20E-DAD883EE320D}.Debug|Any CPU.ActiveCfg = Debug|Any CPU
		{E8E7449A-599D-40CE-B20E-DAD883EE320D}.Debug|Any CPU.Build.0 = Debug|Any CPU
		{E8E7449A-599D-40CE-B20E-DAD883EE320D}.Release|Any CPU.ActiveCfg = Release|Any CPU
		{E8E7449A-599D-40CE-B20E-DAD883EE320D}.Release|Any CPU.Build.0 = Release|Any CPU
		{CFA531DE-2A11-4D55-964C-CD8783D9E276}.Debug|Any CPU.ActiveCfg = Debug|Any CPU
		{CFA531DE-2A11-4D55-964C-CD8783D9E276}.Debug|Any CPU.Build.0 = Debug|Any CPU
		{CFA531DE-2A11-4D55-964C-CD8783D9E276}.Release|Any CPU.ActiveCfg = Release|Any CPU
		{CFA531DE-2A11-4D55-964C-CD8783D9E276}.Release|Any CPU.Build.0 = Release|Any CPU
		{BA4A86FB-4230-49C2-9AD4-F229F7CC1BF4}.Debug|Any CPU.ActiveCfg = Debug|Any CPU
		{BA4A86FB-4230-49C2-9AD4-F229F7CC1BF4}.Debug|Any CPU.Build.0 = Debug|Any CPU
		{BA4A86FB-4230-49C2-9AD4-F229F7CC1BF4}.Release|Any CPU.ActiveCfg = Release|Any CPU
		{BA4A86FB-4230-49C2-9AD4-F229F7CC1BF4}.Release|Any CPU.Build.0 = Release|Any CPU
		{008A8091-0CA5-4C06-A270-7746C2B2C31E}.Debug|Any CPU.ActiveCfg = Debug|Any CPU
		{008A8091-0CA5-4C06-A270-7746C2B2C31E}.Debug|Any CPU.Build.0 = Debug|Any CPU
		{008A8091-0CA5-4C06-A270-7746C2B2C31E}.Release|Any CPU.ActiveCfg = Release|Any CPU
		{008A8091-0CA5-4C06-A270-7746C2B2C31E}.Release|Any CPU.Build.0 = Release|Any CPU
		{F4D88D10-D049-4F36-A249-79C1ADFFF840}.Debug|Any CPU.ActiveCfg = Debug|Any CPU
		{F4D88D10-D049-4F36-A249-79C1ADFFF840}.Debug|Any CPU.Build.0 = Debug|Any CPU
		{F4D88D10-D049-4F36-A249-79C1ADFFF840}.Release|Any CPU.ActiveCfg = Release|Any CPU
		{F4D88D10-D049-4F36-A249-79C1ADFFF840}.Release|Any CPU.Build.0 = Release|Any CPU
		{3B57DC26-C9D4-4E5B-9B0C-DB013253C509}.Debug|Any CPU.ActiveCfg = Debug|Any CPU
		{3B57DC26-C9D4-4E5B-9B0C-DB013253C509}.Debug|Any CPU.Build.0 = Debug|Any CPU
		{3B57DC26-C9D4-4E5B-9B0C-DB013253C509}.Release|Any CPU.ActiveCfg = Release|Any CPU
		{3B57DC26-C9D4-4E5B-9B0C-DB013253C509}.Release|Any CPU.Build.0 = Release|Any CPU
		{51A63B56-E449-4C6B-B1E6-2F294789F2E9}.Debug|Any CPU.ActiveCfg = Debug|Any CPU
		{51A63B56-E449-4C6B-B1E6-2F294789F2E9}.Debug|Any CPU.Build.0 = Debug|Any CPU
		{51A63B56-E449-4C6B-B1E6-2F294789F2E9}.Release|Any CPU.ActiveCfg = Release|Any CPU
		{51A63B56-E449-4C6B-B1E6-2F294789F2E9}.Release|Any CPU.Build.0 = Release|Any CPU
		{66F55B2D-1F0E-49A7-9FC3-8B65CA0169A4}.Debug|Any CPU.ActiveCfg = Debug|Any CPU
		{66F55B2D-1F0E-49A7-9FC3-8B65CA0169A4}.Debug|Any CPU.Build.0 = Debug|Any CPU
		{66F55B2D-1F0E-49A7-9FC3-8B65CA0169A4}.Release|Any CPU.ActiveCfg = Release|Any CPU
		{66F55B2D-1F0E-49A7-9FC3-8B65CA0169A4}.Release|Any CPU.Build.0 = Release|Any CPU
		{0E9AEBA2-CB8C-4E53-87BA-762E5A15BFB6}.Debug|Any CPU.ActiveCfg = Debug|Any CPU
		{0E9AEBA2-CB8C-4E53-87BA-762E5A15BFB6}.Debug|Any CPU.Build.0 = Debug|Any CPU
		{0E9AEBA2-CB8C-4E53-87BA-762E5A15BFB6}.Release|Any CPU.ActiveCfg = Release|Any CPU
		{0E9AEBA2-CB8C-4E53-87BA-762E5A15BFB6}.Release|Any CPU.Build.0 = Release|Any CPU
		{CFD95E20-48EF-4560-9AE9-6291679BA390}.Debug|Any CPU.ActiveCfg = Debug|Any CPU
		{CFD95E20-48EF-4560-9AE9-6291679BA390}.Debug|Any CPU.Build.0 = Debug|Any CPU
		{CFD95E20-48EF-4560-9AE9-6291679BA390}.Release|Any CPU.ActiveCfg = Release|Any CPU
		{CFD95E20-48EF-4560-9AE9-6291679BA390}.Release|Any CPU.Build.0 = Release|Any CPU
		{A80E7F2E-178D-4BA6-88DC-AF53510A0239}.Debug|Any CPU.ActiveCfg = Debug|Any CPU
		{A80E7F2E-178D-4BA6-88DC-AF53510A0239}.Debug|Any CPU.Build.0 = Debug|Any CPU
		{A80E7F2E-178D-4BA6-88DC-AF53510A0239}.Release|Any CPU.ActiveCfg = Release|Any CPU
		{A80E7F2E-178D-4BA6-88DC-AF53510A0239}.Release|Any CPU.Build.0 = Release|Any CPU
		{533A4A30-E36B-43B8-8694-463888BF9F79}.Debug|Any CPU.ActiveCfg = Debug|Any CPU
		{533A4A30-E36B-43B8-8694-463888BF9F79}.Debug|Any CPU.Build.0 = Debug|Any CPU
		{533A4A30-E36B-43B8-8694-463888BF9F79}.Release|Any CPU.ActiveCfg = Release|Any CPU
		{533A4A30-E36B-43B8-8694-463888BF9F79}.Release|Any CPU.Build.0 = Release|Any CPU
		{820D90B7-66E2-45C8-BA98-C92BAD44105A}.Debug|Any CPU.ActiveCfg = Debug|Any CPU
		{820D90B7-66E2-45C8-BA98-C92BAD44105A}.Debug|Any CPU.Build.0 = Debug|Any CPU
		{820D90B7-66E2-45C8-BA98-C92BAD44105A}.Release|Any CPU.ActiveCfg = Release|Any CPU
		{820D90B7-66E2-45C8-BA98-C92BAD44105A}.Release|Any CPU.Build.0 = Release|Any CPU
		{C7549FAA-0E9F-4A31-AA3E-1E76409E6BE6}.Debug|Any CPU.ActiveCfg = Debug|Any CPU
		{C7549FAA-0E9F-4A31-AA3E-1E76409E6BE6}.Debug|Any CPU.Build.0 = Debug|Any CPU
		{C7549FAA-0E9F-4A31-AA3E-1E76409E6BE6}.Release|Any CPU.ActiveCfg = Release|Any CPU
		{C7549FAA-0E9F-4A31-AA3E-1E76409E6BE6}.Release|Any CPU.Build.0 = Release|Any CPU
		{E3463433-98DA-4166-8F2F-E2CD0449E5EA}.Debug|Any CPU.ActiveCfg = Debug|Any CPU
		{E3463433-98DA-4166-8F2F-E2CD0449E5EA}.Debug|Any CPU.Build.0 = Debug|Any CPU
		{E3463433-98DA-4166-8F2F-E2CD0449E5EA}.Release|Any CPU.ActiveCfg = Release|Any CPU
		{E3463433-98DA-4166-8F2F-E2CD0449E5EA}.Release|Any CPU.Build.0 = Release|Any CPU
		{115B85AC-E89F-4B90-BD4B-A54E800E4661}.Debug|Any CPU.ActiveCfg = Debug|Any CPU
		{115B85AC-E89F-4B90-BD4B-A54E800E4661}.Debug|Any CPU.Build.0 = Debug|Any CPU
		{115B85AC-E89F-4B90-BD4B-A54E800E4661}.Release|Any CPU.ActiveCfg = Release|Any CPU
		{115B85AC-E89F-4B90-BD4B-A54E800E4661}.Release|Any CPU.Build.0 = Release|Any CPU
		{BB804374-8485-4A0D-99BA-8F1332C81EFF}.Debug|Any CPU.ActiveCfg = Debug|Any CPU
		{BB804374-8485-4A0D-99BA-8F1332C81EFF}.Debug|Any CPU.Build.0 = Debug|Any CPU
		{BB804374-8485-4A0D-99BA-8F1332C81EFF}.Release|Any CPU.ActiveCfg = Release|Any CPU
		{BB804374-8485-4A0D-99BA-8F1332C81EFF}.Release|Any CPU.Build.0 = Release|Any CPU
		{CD2ABE6E-FB8C-4B36-98D9-5D9687227795}.Debug|Any CPU.ActiveCfg = Debug|Any CPU
		{CD2ABE6E-FB8C-4B36-98D9-5D9687227795}.Debug|Any CPU.Build.0 = Debug|Any CPU
		{CD2ABE6E-FB8C-4B36-98D9-5D9687227795}.Release|Any CPU.ActiveCfg = Release|Any CPU
		{CD2ABE6E-FB8C-4B36-98D9-5D9687227795}.Release|Any CPU.Build.0 = Release|Any CPU
		{DB5777D7-6337-4989-963A-218922F3331E}.Debug|Any CPU.ActiveCfg = Debug|Any CPU
		{DB5777D7-6337-4989-963A-218922F3331E}.Debug|Any CPU.Build.0 = Debug|Any CPU
		{DB5777D7-6337-4989-963A-218922F3331E}.Release|Any CPU.ActiveCfg = Release|Any CPU
		{DB5777D7-6337-4989-963A-218922F3331E}.Release|Any CPU.Build.0 = Release|Any CPU
		{805705C5-8198-49C9-BF67-7CE1A653E6FE}.Debug|Any CPU.ActiveCfg = Debug|Any CPU
		{805705C5-8198-49C9-BF67-7CE1A653E6FE}.Debug|Any CPU.Build.0 = Debug|Any CPU
		{805705C5-8198-49C9-BF67-7CE1A653E6FE}.Release|Any CPU.ActiveCfg = Release|Any CPU
		{805705C5-8198-49C9-BF67-7CE1A653E6FE}.Release|Any CPU.Build.0 = Release|Any CPU
		{E3721200-21D7-4D18-9438-8F235CE72E55}.Debug|Any CPU.ActiveCfg = Debug|Any CPU
		{E3721200-21D7-4D18-9438-8F235CE72E55}.Debug|Any CPU.Build.0 = Debug|Any CPU
		{E3721200-21D7-4D18-9438-8F235CE72E55}.Release|Any CPU.ActiveCfg = Release|Any CPU
		{E3721200-21D7-4D18-9438-8F235CE72E55}.Release|Any CPU.Build.0 = Release|Any CPU
		{962913D9-A0D7-403E-B5A5-960225819B75}.Debug|Any CPU.ActiveCfg = Debug|Any CPU
		{962913D9-A0D7-403E-B5A5-960225819B75}.Debug|Any CPU.Build.0 = Debug|Any CPU
		{962913D9-A0D7-403E-B5A5-960225819B75}.Release|Any CPU.ActiveCfg = Release|Any CPU
		{962913D9-A0D7-403E-B5A5-960225819B75}.Release|Any CPU.Build.0 = Release|Any CPU
		{9E0D9993-F9E0-4915-9544-B82B50CD5D79}.Debug|Any CPU.ActiveCfg = Debug|Any CPU
		{9E0D9993-F9E0-4915-9544-B82B50CD5D79}.Debug|Any CPU.Build.0 = Debug|Any CPU
		{9E0D9993-F9E0-4915-9544-B82B50CD5D79}.Release|Any CPU.ActiveCfg = Release|Any CPU
		{9E0D9993-F9E0-4915-9544-B82B50CD5D79}.Release|Any CPU.Build.0 = Release|Any CPU
	EndGlobalSection
	GlobalSection(SolutionProperties) = preSolution
		HideSolutionNode = FALSE
	EndGlobalSection
	GlobalSection(NestedProjects) = preSolution
		{264B2A21-C9A6-4BDD-B9A1-D7B1DCF14115} = {B23163D1-1853-4A5D-BE6A-9CB8E4983FD9}
		{E8E7449A-599D-40CE-B20E-DAD883EE320D} = {9C86A8D7-8151-4D82-AC2E-CB842A2DAE73}
		{CFA531DE-2A11-4D55-964C-CD8783D9E276} = {9C86A8D7-8151-4D82-AC2E-CB842A2DAE73}
		{BA4A86FB-4230-49C2-9AD4-F229F7CC1BF4} = {64E5050D-E3C3-4FF9-ADDA-9B7DF5A7BEE2}
		{008A8091-0CA5-4C06-A270-7746C2B2C31E} = {B23163D1-1853-4A5D-BE6A-9CB8E4983FD9}
		{F4D88D10-D049-4F36-A249-79C1ADFFF840} = {B23163D1-1853-4A5D-BE6A-9CB8E4983FD9}
		{9C86A8D7-8151-4D82-AC2E-CB842A2DAE73} = {D937CFD0-34F6-40BC-AC24-95378A5DDBB4}
		{3B57DC26-C9D4-4E5B-9B0C-DB013253C509} = {64E5050D-E3C3-4FF9-ADDA-9B7DF5A7BEE2}
		{64E5050D-E3C3-4FF9-ADDA-9B7DF5A7BEE2} = {B23163D1-1853-4A5D-BE6A-9CB8E4983FD9}
		{51A63B56-E449-4C6B-B1E6-2F294789F2E9} = {64E5050D-E3C3-4FF9-ADDA-9B7DF5A7BEE2}
		{66F55B2D-1F0E-49A7-9FC3-8B65CA0169A4} = {64E5050D-E3C3-4FF9-ADDA-9B7DF5A7BEE2}
		{B9C6723F-2E0C-4F67-B541-DE8EBD471BC2} = {D937CFD0-34F6-40BC-AC24-95378A5DDBB4}
		{0E9AEBA2-CB8C-4E53-87BA-762E5A15BFB6} = {B9C6723F-2E0C-4F67-B541-DE8EBD471BC2}
		{CFD95E20-48EF-4560-9AE9-6291679BA390} = {B9C6723F-2E0C-4F67-B541-DE8EBD471BC2}
		{3435C2F0-8EC8-45BA-A43B-8C284CA48511} = {B23163D1-1853-4A5D-BE6A-9CB8E4983FD9}
		{A80E7F2E-178D-4BA6-88DC-AF53510A0239} = {3435C2F0-8EC8-45BA-A43B-8C284CA48511}
		{06E7C81E-5209-4BCD-BF13-C3D81826A67D} = {B23163D1-1853-4A5D-BE6A-9CB8E4983FD9}
		{533A4A30-E36B-43B8-8694-463888BF9F79} = {06E7C81E-5209-4BCD-BF13-C3D81826A67D}
		{D570FC07-6129-45E5-90AF-966D4D31468B} = {D937CFD0-34F6-40BC-AC24-95378A5DDBB4}
		{06B02C36-9505-491F-8A62-7FED9C59D5A7} = {B23163D1-1853-4A5D-BE6A-9CB8E4983FD9}
		{820D90B7-66E2-45C8-BA98-C92BAD44105A} = {06B02C36-9505-491F-8A62-7FED9C59D5A7}
		{C7D44071-ECD5-45F3-B245-2229FAAB93B3} = {B23163D1-1853-4A5D-BE6A-9CB8E4983FD9}
		{C7549FAA-0E9F-4A31-AA3E-1E76409E6BE6} = {C7D44071-ECD5-45F3-B245-2229FAAB93B3}
		{487123FE-3ABE-417E-840D-12381175C61B} = {B23163D1-1853-4A5D-BE6A-9CB8E4983FD9}
		{E3463433-98DA-4166-8F2F-E2CD0449E5EA} = {487123FE-3ABE-417E-840D-12381175C61B}
		{F88E4BBB-9CFA-4FB6-A4D1-1F88FD0BE3A3} = {B23163D1-1853-4A5D-BE6A-9CB8E4983FD9}
		{115B85AC-E89F-4B90-BD4B-A54E800E4661} = {F88E4BBB-9CFA-4FB6-A4D1-1F88FD0BE3A3}
		{5EE1F079-5959-4AB3-AF36-204D09979656} = {B23163D1-1853-4A5D-BE6A-9CB8E4983FD9}
		{BB804374-8485-4A0D-99BA-8F1332C81EFF} = {5EE1F079-5959-4AB3-AF36-204D09979656}
		{ECED8728-AC50-40A9-BF01-54A03790E882} = {D937CFD0-34F6-40BC-AC24-95378A5DDBB4}
		{CD2ABE6E-FB8C-4B36-98D9-5D9687227795} = {ECED8728-AC50-40A9-BF01-54A03790E882}
		{DB5777D7-6337-4989-963A-218922F3331E} = {487123FE-3ABE-417E-840D-12381175C61B}
		{2B3C889F-6F02-4E32-978F-8581337419C4} = {B23163D1-1853-4A5D-BE6A-9CB8E4983FD9}
		{805705C5-8198-49C9-BF67-7CE1A653E6FE} = {2B3C889F-6F02-4E32-978F-8581337419C4}
		{FF006ABE-FC5A-43F1-B095-A473FB31EB16} = {D937CFD0-34F6-40BC-AC24-95378A5DDBB4}
		{E3721200-21D7-4D18-9438-8F235CE72E55} = {FF006ABE-FC5A-43F1-B095-A473FB31EB16}
		{A23782EE-1AF8-4601-8D93-3A1DF354CEB9} = {B23163D1-1853-4A5D-BE6A-9CB8E4983FD9}
		{962913D9-A0D7-403E-B5A5-960225819B75} = {A23782EE-1AF8-4601-8D93-3A1DF354CEB9}
		{E389BD01-ADF5-4662-B479-A34E6CB24152} = {B23163D1-1853-4A5D-BE6A-9CB8E4983FD9}
		{9E0D9993-F9E0-4915-9544-B82B50CD5D79} = {E389BD01-ADF5-4662-B479-A34E6CB24152}
	EndGlobalSection
	GlobalSection(ExtensibilityGlobals) = postSolution
		SolutionGuid = {105BEEDB-EE4E-41E2-8419-791AF4AB33A9}
	EndGlobalSection
EndGlobal
